// !$*UTF8*$!
{
	archiveVersion = 1;
	classes = {
	};
	objectVersion = 50;
	objects = {

/* Begin PBXBuildFile section */
		CF39F7C8261468A200E7DAC6 /* AppDelegate.swift in Sources */ = {isa = PBXBuildFile; fileRef = CF39F7C7261468A200E7DAC6 /* AppDelegate.swift */; };
		CF39F7CA261468A200E7DAC6 /* SceneDelegate.swift in Sources */ = {isa = PBXBuildFile; fileRef = CF39F7C9261468A200E7DAC6 /* SceneDelegate.swift */; };
		CF39F7CC261468A200E7DAC6 /* ViewController.swift in Sources */ = {isa = PBXBuildFile; fileRef = CF39F7CB261468A200E7DAC6 /* ViewController.swift */; };
		CF39F7CF261468A200E7DAC6 /* Main.storyboard in Resources */ = {isa = PBXBuildFile; fileRef = CF39F7CD261468A200E7DAC6 /* Main.storyboard */; };
		CF39F7D1261468A800E7DAC6 /* Assets.xcassets in Resources */ = {isa = PBXBuildFile; fileRef = CF39F7D0261468A800E7DAC6 /* Assets.xcassets */; };
		CF39F7D4261468A800E7DAC6 /* LaunchScreen.storyboard in Resources */ = {isa = PBXBuildFile; fileRef = CF39F7D2261468A800E7DAC6 /* LaunchScreen.storyboard */; };
		CF39F7DF261468A800E7DAC6 /* ConstraintsTests.swift in Sources */ = {isa = PBXBuildFile; fileRef = CF39F7DE261468A800E7DAC6 /* ConstraintsTests.swift */; };
		CF39F7EA261468A800E7DAC6 /* ConstraintsUITests.swift in Sources */ = {isa = PBXBuildFile; fileRef = CF39F7E9261468A800E7DAC6 /* ConstraintsUITests.swift */; };
/* End PBXBuildFile section */

/* Begin PBXContainerItemProxy section */
		CF39F7DB261468A800E7DAC6 /* PBXContainerItemProxy */ = {
			isa = PBXContainerItemProxy;
			containerPortal = CF39F7BC261468A200E7DAC6 /* Project object */;
			proxyType = 1;
			remoteGlobalIDString = CF39F7C3261468A200E7DAC6;
			remoteInfo = Constraints;
		};
		CF39F7E6261468A800E7DAC6 /* PBXContainerItemProxy */ = {
			isa = PBXContainerItemProxy;
			containerPortal = CF39F7BC261468A200E7DAC6 /* Project object */;
			proxyType = 1;
			remoteGlobalIDString = CF39F7C3261468A200E7DAC6;
			remoteInfo = Constraints;
		};
/* End PBXContainerItemProxy section */

/* Begin PBXFileReference section */
		CF39F7C4261468A200E7DAC6 /* Constraints.app */ = {isa = PBXFileReference; explicitFileType = wrapper.application; includeInIndex = 0; path = Constraints.app; sourceTree = BUILT_PRODUCTS_DIR; };
		CF39F7C7261468A200E7DAC6 /* AppDelegate.swift */ = {isa = PBXFileReference; lastKnownFileType = sourcecode.swift; path = AppDelegate.swift; sourceTree = "<group>"; };
		CF39F7C9261468A200E7DAC6 /* SceneDelegate.swift */ = {isa = PBXFileReference; lastKnownFileType = sourcecode.swift; path = SceneDelegate.swift; sourceTree = "<group>"; };
		CF39F7CB261468A200E7DAC6 /* ViewController.swift */ = {isa = PBXFileReference; lastKnownFileType = sourcecode.swift; path = ViewController.swift; sourceTree = "<group>"; };
		CF39F7CE261468A200E7DAC6 /* Base */ = {isa = PBXFileReference; lastKnownFileType = file.storyboard; name = Base; path = Base.lproj/Main.storyboard; sourceTree = "<group>"; };
		CF39F7D0261468A800E7DAC6 /* Assets.xcassets */ = {isa = PBXFileReference; lastKnownFileType = folder.assetcatalog; path = Assets.xcassets; sourceTree = "<group>"; };
		CF39F7D3261468A800E7DAC6 /* Base */ = {isa = PBXFileReference; lastKnownFileType = file.storyboard; name = Base; path = Base.lproj/LaunchScreen.storyboard; sourceTree = "<group>"; };
		CF39F7D5261468A800E7DAC6 /* Info.plist */ = {isa = PBXFileReference; lastKnownFileType = text.plist.xml; path = Info.plist; sourceTree = "<group>"; };
		CF39F7DA261468A800E7DAC6 /* ConstraintsTests.xctest */ = {isa = PBXFileReference; explicitFileType = wrapper.cfbundle; includeInIndex = 0; path = ConstraintsTests.xctest; sourceTree = BUILT_PRODUCTS_DIR; };
		CF39F7DE261468A800E7DAC6 /* ConstraintsTests.swift */ = {isa = PBXFileReference; lastKnownFileType = sourcecode.swift; path = ConstraintsTests.swift; sourceTree = "<group>"; };
		CF39F7E0261468A800E7DAC6 /* Info.plist */ = {isa = PBXFileReference; lastKnownFileType = text.plist.xml; path = Info.plist; sourceTree = "<group>"; };
		CF39F7E5261468A800E7DAC6 /* ConstraintsUITests.xctest */ = {isa = PBXFileReference; explicitFileType = wrapper.cfbundle; includeInIndex = 0; path = ConstraintsUITests.xctest; sourceTree = BUILT_PRODUCTS_DIR; };
		CF39F7E9261468A800E7DAC6 /* ConstraintsUITests.swift */ = {isa = PBXFileReference; lastKnownFileType = sourcecode.swift; path = ConstraintsUITests.swift; sourceTree = "<group>"; };
		CF39F7EB261468A800E7DAC6 /* Info.plist */ = {isa = PBXFileReference; lastKnownFileType = text.plist.xml; path = Info.plist; sourceTree = "<group>"; };
/* End PBXFileReference section */

/* Begin PBXFrameworksBuildPhase section */
		CF39F7C1261468A200E7DAC6 /* Frameworks */ = {
			isa = PBXFrameworksBuildPhase;
			buildActionMask = 2147483647;
			files = (
			);
			runOnlyForDeploymentPostprocessing = 0;
		};
		CF39F7D7261468A800E7DAC6 /* Frameworks */ = {
			isa = PBXFrameworksBuildPhase;
			buildActionMask = 2147483647;
			files = (
			);
			runOnlyForDeploymentPostprocessing = 0;
		};
		CF39F7E2261468A800E7DAC6 /* Frameworks */ = {
			isa = PBXFrameworksBuildPhase;
			buildActionMask = 2147483647;
			files = (
			);
			runOnlyForDeploymentPostprocessing = 0;
		};
/* End PBXFrameworksBuildPhase section */

/* Begin PBXGroup section */
		CF39F7BB261468A200E7DAC6 = {
			isa = PBXGroup;
			children = (
				CF39F7C6261468A200E7DAC6 /* Constraints */,
				CF39F7DD261468A800E7DAC6 /* ConstraintsTests */,
				CF39F7E8261468A800E7DAC6 /* ConstraintsUITests */,
				CF39F7C5261468A200E7DAC6 /* Products */,
			);
			sourceTree = "<group>";
		};
		CF39F7C5261468A200E7DAC6 /* Products */ = {
			isa = PBXGroup;
			children = (
				CF39F7C4261468A200E7DAC6 /* Constraints.app */,
				CF39F7DA261468A800E7DAC6 /* ConstraintsTests.xctest */,
				CF39F7E5261468A800E7DAC6 /* ConstraintsUITests.xctest */,
			);
			name = Products;
			sourceTree = "<group>";
		};
		CF39F7C6261468A200E7DAC6 /* Constraints */ = {
			isa = PBXGroup;
			children = (
				CF39F7C7261468A200E7DAC6 /* AppDelegate.swift */,
				CF39F7C9261468A200E7DAC6 /* SceneDelegate.swift */,
				CF39F7CB261468A200E7DAC6 /* ViewController.swift */,
				CF39F7CD261468A200E7DAC6 /* Main.storyboard */,
				CF39F7D0261468A800E7DAC6 /* Assets.xcassets */,
				CF39F7D2261468A800E7DAC6 /* LaunchScreen.storyboard */,
				CF39F7D5261468A800E7DAC6 /* Info.plist */,
			);
			path = Constraints;
			sourceTree = "<group>";
		};
		CF39F7DD261468A800E7DAC6 /* ConstraintsTests */ = {
			isa = PBXGroup;
			children = (
				CF39F7DE261468A800E7DAC6 /* ConstraintsTests.swift */,
				CF39F7E0261468A800E7DAC6 /* Info.plist */,
			);
			path = ConstraintsTests;
			sourceTree = "<group>";
		};
		CF39F7E8261468A800E7DAC6 /* ConstraintsUITests */ = {
			isa = PBXGroup;
			children = (
				CF39F7E9261468A800E7DAC6 /* ConstraintsUITests.swift */,
				CF39F7EB261468A800E7DAC6 /* Info.plist */,
			);
			path = ConstraintsUITests;
			sourceTree = "<group>";
		};
/* End PBXGroup section */

/* Begin PBXNativeTarget section */
		CF39F7C3261468A200E7DAC6 /* Constraints */ = {
			isa = PBXNativeTarget;
			buildConfigurationList = CF39F7EE261468A800E7DAC6 /* Build configuration list for PBXNativeTarget "Constraints" */;
			buildPhases = (
				CF39F7C0261468A200E7DAC6 /* Sources */,
				CF39F7C1261468A200E7DAC6 /* Frameworks */,
				CF39F7C2261468A200E7DAC6 /* Resources */,
			);
			buildRules = (
			);
			dependencies = (
			);
			name = Constraints;
			productName = Constraints;
			productReference = CF39F7C4261468A200E7DAC6 /* Constraints.app */;
			productType = "com.apple.product-type.application";
		};
		CF39F7D9261468A800E7DAC6 /* ConstraintsTests */ = {
			isa = PBXNativeTarget;
			buildConfigurationList = CF39F7F1261468A800E7DAC6 /* Build configuration list for PBXNativeTarget "ConstraintsTests" */;
			buildPhases = (
				CF39F7D6261468A800E7DAC6 /* Sources */,
				CF39F7D7261468A800E7DAC6 /* Frameworks */,
				CF39F7D8261468A800E7DAC6 /* Resources */,
			);
			buildRules = (
			);
			dependencies = (
				CF39F7DC261468A800E7DAC6 /* PBXTargetDependency */,
			);
			name = ConstraintsTests;
			productName = ConstraintsTests;
			productReference = CF39F7DA261468A800E7DAC6 /* ConstraintsTests.xctest */;
			productType = "com.apple.product-type.bundle.unit-test";
		};
		CF39F7E4261468A800E7DAC6 /* ConstraintsUITests */ = {
			isa = PBXNativeTarget;
			buildConfigurationList = CF39F7F4261468A800E7DAC6 /* Build configuration list for PBXNativeTarget "ConstraintsUITests" */;
			buildPhases = (
				CF39F7E1261468A800E7DAC6 /* Sources */,
				CF39F7E2261468A800E7DAC6 /* Frameworks */,
				CF39F7E3261468A800E7DAC6 /* Resources */,
			);
			buildRules = (
			);
			dependencies = (
				CF39F7E7261468A800E7DAC6 /* PBXTargetDependency */,
			);
			name = ConstraintsUITests;
			productName = ConstraintsUITests;
			productReference = CF39F7E5261468A800E7DAC6 /* ConstraintsUITests.xctest */;
			productType = "com.apple.product-type.bundle.ui-testing";
		};
/* End PBXNativeTarget section */

/* Begin PBXProject section */
		CF39F7BC261468A200E7DAC6 /* Project object */ = {
			isa = PBXProject;
			attributes = {
				LastSwiftUpdateCheck = 1240;
				LastUpgradeCheck = 1240;
				TargetAttributes = {
					CF39F7C3261468A200E7DAC6 = {
						CreatedOnToolsVersion = 12.4;
					};
					CF39F7D9261468A800E7DAC6 = {
						CreatedOnToolsVersion = 12.4;
						TestTargetID = CF39F7C3261468A200E7DAC6;
					};
					CF39F7E4261468A800E7DAC6 = {
						CreatedOnToolsVersion = 12.4;
						TestTargetID = CF39F7C3261468A200E7DAC6;
					};
				};
			};
			buildConfigurationList = CF39F7BF261468A200E7DAC6 /* Build configuration list for PBXProject "Constraints" */;
			compatibilityVersion = "Xcode 9.3";
			developmentRegion = en;
			hasScannedForEncodings = 0;
			knownRegions = (
				en,
				Base,
			);
			mainGroup = CF39F7BB261468A200E7DAC6;
			productRefGroup = CF39F7C5261468A200E7DAC6 /* Products */;
			projectDirPath = "";
			projectRoot = "";
			targets = (
				CF39F7C3261468A200E7DAC6 /* Constraints */,
				CF39F7D9261468A800E7DAC6 /* ConstraintsTests */,
				CF39F7E4261468A800E7DAC6 /* ConstraintsUITests */,
			);
		};
/* End PBXProject section */

/* Begin PBXResourcesBuildPhase section */
		CF39F7C2261468A200E7DAC6 /* Resources */ = {
			isa = PBXResourcesBuildPhase;
			buildActionMask = 2147483647;
			files = (
				CF39F7D4261468A800E7DAC6 /* LaunchScreen.storyboard in Resources */,
				CF39F7D1261468A800E7DAC6 /* Assets.xcassets in Resources */,
				CF39F7CF261468A200E7DAC6 /* Main.storyboard in Resources */,
			);
			runOnlyForDeploymentPostprocessing = 0;
		};
		CF39F7D8261468A800E7DAC6 /* Resources */ = {
			isa = PBXResourcesBuildPhase;
			buildActionMask = 2147483647;
			files = (
			);
			runOnlyForDeploymentPostprocessing = 0;
		};
		CF39F7E3261468A800E7DAC6 /* Resources */ = {
			isa = PBXResourcesBuildPhase;
			buildActionMask = 2147483647;
			files = (
			);
			runOnlyForDeploymentPostprocessing = 0;
		};
/* End PBXResourcesBuildPhase section */

/* Begin PBXSourcesBuildPhase section */
		CF39F7C0261468A200E7DAC6 /* Sources */ = {
			isa = PBXSourcesBuildPhase;
			buildActionMask = 2147483647;
			files = (
				CF39F7CC261468A200E7DAC6 /* ViewController.swift in Sources */,
				CF39F7C8261468A200E7DAC6 /* AppDelegate.swift in Sources */,
				CF39F7CA261468A200E7DAC6 /* SceneDelegate.swift in Sources */,
			);
			runOnlyForDeploymentPostprocessing = 0;
		};
		CF39F7D6261468A800E7DAC6 /* Sources */ = {
			isa = PBXSourcesBuildPhase;
			buildActionMask = 2147483647;
			files = (
				CF39F7DF261468A800E7DAC6 /* ConstraintsTests.swift in Sources */,
			);
			runOnlyForDeploymentPostprocessing = 0;
		};
		CF39F7E1261468A800E7DAC6 /* Sources */ = {
			isa = PBXSourcesBuildPhase;
			buildActionMask = 2147483647;
			files = (
				CF39F7EA261468A800E7DAC6 /* ConstraintsUITests.swift in Sources */,
			);
			runOnlyForDeploymentPostprocessing = 0;
		};
/* End PBXSourcesBuildPhase section */

/* Begin PBXTargetDependency section */
		CF39F7DC261468A800E7DAC6 /* PBXTargetDependency */ = {
			isa = PBXTargetDependency;
			target = CF39F7C3261468A200E7DAC6 /* Constraints */;
			targetProxy = CF39F7DB261468A800E7DAC6 /* PBXContainerItemProxy */;
		};
		CF39F7E7261468A800E7DAC6 /* PBXTargetDependency */ = {
			isa = PBXTargetDependency;
			target = CF39F7C3261468A200E7DAC6 /* Constraints */;
			targetProxy = CF39F7E6261468A800E7DAC6 /* PBXContainerItemProxy */;
		};
/* End PBXTargetDependency section */

/* Begin PBXVariantGroup section */
		CF39F7CD261468A200E7DAC6 /* Main.storyboard */ = {
			isa = PBXVariantGroup;
			children = (
				CF39F7CE261468A200E7DAC6 /* Base */,
			);
			name = Main.storyboard;
			sourceTree = "<group>";
		};
		CF39F7D2261468A800E7DAC6 /* LaunchScreen.storyboard */ = {
			isa = PBXVariantGroup;
			children = (
				CF39F7D3261468A800E7DAC6 /* Base */,
			);
			name = LaunchScreen.storyboard;
			sourceTree = "<group>";
		};
/* End PBXVariantGroup section */

/* Begin XCBuildConfiguration section */
		CF39F7EC261468A800E7DAC6 /* Debug */ = {
			isa = XCBuildConfiguration;
			buildSettings = {
				ALWAYS_SEARCH_USER_PATHS = NO;
				CLANG_ANALYZER_NONNULL = YES;
				CLANG_ANALYZER_NUMBER_OBJECT_CONVERSION = YES_AGGRESSIVE;
				CLANG_CXX_LANGUAGE_STANDARD = "gnu++14";
				CLANG_CXX_LIBRARY = "libc++";
				CLANG_ENABLE_MODULES = YES;
				CLANG_ENABLE_OBJC_ARC = YES;
				CLANG_ENABLE_OBJC_WEAK = YES;
				CLANG_WARN_BLOCK_CAPTURE_AUTORELEASING = YES;
				CLANG_WARN_BOOL_CONVERSION = YES;
				CLANG_WARN_COMMA = YES;
				CLANG_WARN_CONSTANT_CONVERSION = YES;
				CLANG_WARN_DEPRECATED_OBJC_IMPLEMENTATIONS = YES;
				CLANG_WARN_DIRECT_OBJC_ISA_USAGE = YES_ERROR;
				CLANG_WARN_DOCUMENTATION_COMMENTS = YES;
				CLANG_WARN_EMPTY_BODY = YES;
				CLANG_WARN_ENUM_CONVERSION = YES;
				CLANG_WARN_INFINITE_RECURSION = YES;
				CLANG_WARN_INT_CONVERSION = YES;
				CLANG_WARN_NON_LITERAL_NULL_CONVERSION = YES;
				CLANG_WARN_OBJC_IMPLICIT_RETAIN_SELF = YES;
				CLANG_WARN_OBJC_LITERAL_CONVERSION = YES;
				CLANG_WARN_OBJC_ROOT_CLASS = YES_ERROR;
				CLANG_WARN_QUOTED_INCLUDE_IN_FRAMEWORK_HEADER = YES;
				CLANG_WARN_RANGE_LOOP_ANALYSIS = YES;
				CLANG_WARN_STRICT_PROTOTYPES = YES;
				CLANG_WARN_SUSPICIOUS_MOVE = YES;
				CLANG_WARN_UNGUARDED_AVAILABILITY = YES_AGGRESSIVE;
				CLANG_WARN_UNREACHABLE_CODE = YES;
				CLANG_WARN__DUPLICATE_METHOD_MATCH = YES;
				COPY_PHASE_STRIP = NO;
				DEBUG_INFORMATION_FORMAT = dwarf;
				ENABLE_STRICT_OBJC_MSGSEND = YES;
				ENABLE_TESTABILITY = YES;
				GCC_C_LANGUAGE_STANDARD = gnu11;
				GCC_DYNAMIC_NO_PIC = NO;
				GCC_NO_COMMON_BLOCKS = YES;
				GCC_OPTIMIZATION_LEVEL = 0;
				GCC_PREPROCESSOR_DEFINITIONS = (
					"DEBUG=1",
					"$(inherited)",
				);
				GCC_WARN_64_TO_32_BIT_CONVERSION = YES;
				GCC_WARN_ABOUT_RETURN_TYPE = YES_ERROR;
				GCC_WARN_UNDECLARED_SELECTOR = YES;
				GCC_WARN_UNINITIALIZED_AUTOS = YES_AGGRESSIVE;
				GCC_WARN_UNUSED_FUNCTION = YES;
				GCC_WARN_UNUSED_VARIABLE = YES;
				IPHONEOS_DEPLOYMENT_TARGET = 14.4;
				MTL_ENABLE_DEBUG_INFO = INCLUDE_SOURCE;
				MTL_FAST_MATH = YES;
				ONLY_ACTIVE_ARCH = YES;
				SDKROOT = iphoneos;
				SWIFT_ACTIVE_COMPILATION_CONDITIONS = DEBUG;
				SWIFT_OPTIMIZATION_LEVEL = "-Onone";
			};
			name = Debug;
		};
		CF39F7ED261468A800E7DAC6 /* Release */ = {
			isa = XCBuildConfiguration;
			buildSettings = {
				ALWAYS_SEARCH_USER_PATHS = NO;
				CLANG_ANALYZER_NONNULL = YES;
				CLANG_ANALYZER_NUMBER_OBJECT_CONVERSION = YES_AGGRESSIVE;
				CLANG_CXX_LANGUAGE_STANDARD = "gnu++14";
				CLANG_CXX_LIBRARY = "libc++";
				CLANG_ENABLE_MODULES = YES;
				CLANG_ENABLE_OBJC_ARC = YES;
				CLANG_ENABLE_OBJC_WEAK = YES;
				CLANG_WARN_BLOCK_CAPTURE_AUTORELEASING = YES;
				CLANG_WARN_BOOL_CONVERSION = YES;
				CLANG_WARN_COMMA = YES;
				CLANG_WARN_CONSTANT_CONVERSION = YES;
				CLANG_WARN_DEPRECATED_OBJC_IMPLEMENTATIONS = YES;
				CLANG_WARN_DIRECT_OBJC_ISA_USAGE = YES_ERROR;
				CLANG_WARN_DOCUMENTATION_COMMENTS = YES;
				CLANG_WARN_EMPTY_BODY = YES;
				CLANG_WARN_ENUM_CONVERSION = YES;
				CLANG_WARN_INFINITE_RECURSION = YES;
				CLANG_WARN_INT_CONVERSION = YES;
				CLANG_WARN_NON_LITERAL_NULL_CONVERSION = YES;
				CLANG_WARN_OBJC_IMPLICIT_RETAIN_SELF = YES;
				CLANG_WARN_OBJC_LITERAL_CONVERSION = YES;
				CLANG_WARN_OBJC_ROOT_CLASS = YES_ERROR;
				CLANG_WARN_QUOTED_INCLUDE_IN_FRAMEWORK_HEADER = YES;
				CLANG_WARN_RANGE_LOOP_ANALYSIS = YES;
				CLANG_WARN_STRICT_PROTOTYPES = YES;
				CLANG_WARN_SUSPICIOUS_MOVE = YES;
				CLANG_WARN_UNGUARDED_AVAILABILITY = YES_AGGRESSIVE;
				CLANG_WARN_UNREACHABLE_CODE = YES;
				CLANG_WARN__DUPLICATE_METHOD_MATCH = YES;
				COPY_PHASE_STRIP = NO;
				DEBUG_INFORMATION_FORMAT = "dwarf-with-dsym";
				ENABLE_NS_ASSERTIONS = NO;
				ENABLE_STRICT_OBJC_MSGSEND = YES;
				GCC_C_LANGUAGE_STANDARD = gnu11;
				GCC_NO_COMMON_BLOCKS = YES;
				GCC_WARN_64_TO_32_BIT_CONVERSION = YES;
				GCC_WARN_ABOUT_RETURN_TYPE = YES_ERROR;
				GCC_WARN_UNDECLARED_SELECTOR = YES;
				GCC_WARN_UNINITIALIZED_AUTOS = YES_AGGRESSIVE;
				GCC_WARN_UNUSED_FUNCTION = YES;
				GCC_WARN_UNUSED_VARIABLE = YES;
				IPHONEOS_DEPLOYMENT_TARGET = 14.4;
				MTL_ENABLE_DEBUG_INFO = NO;
				MTL_FAST_MATH = YES;
				SDKROOT = iphoneos;
				SWIFT_COMPILATION_MODE = wholemodule;
				SWIFT_OPTIMIZATION_LEVEL = "-O";
				VALIDATE_PRODUCT = YES;
			};
			name = Release;
		};
		CF39F7EF261468A800E7DAC6 /* Debug */ = {
			isa = XCBuildConfiguration;
			buildSettings = {
				ASSETCATALOG_COMPILER_APPICON_NAME = AppIcon;
				ASSETCATALOG_COMPILER_GLOBAL_ACCENT_COLOR_NAME = AccentColor;
				CODE_SIGN_STYLE = Automatic;
				DEVELOPMENT_TEAM = B978H28CJL;
				INFOPLIST_FILE = Constraints/Info.plist;
				LD_RUNPATH_SEARCH_PATHS = (
					"$(inherited)",
					"@executable_path/Frameworks",
				);
				PRODUCT_BUNDLE_IDENTIFIER = Macappstudio.Constraints;
				PRODUCT_NAME = "$(TARGET_NAME)";
				SWIFT_VERSION = 5.0;
				TARGETED_DEVICE_FAMILY = "1,2";
			};
			name = Debug;
		};
		CF39F7F0261468A800E7DAC6 /* Release */ = {
			isa = XCBuildConfiguration;
			buildSettings = {
				ASSETCATALOG_COMPILER_APPICON_NAME = AppIcon;
				ASSETCATALOG_COMPILER_GLOBAL_ACCENT_COLOR_NAME = AccentColor;
				CODE_SIGN_STYLE = Automatic;
				DEVELOPMENT_TEAM = B978H28CJL;
				INFOPLIST_FILE = Constraints/Info.plist;
				LD_RUNPATH_SEARCH_PATHS = (
					"$(inherited)",
					"@executable_path/Frameworks",
				);
				PRODUCT_BUNDLE_IDENTIFIER = Macappstudio.Constraints;
				PRODUCT_NAME = "$(TARGET_NAME)";
				SWIFT_VERSION = 5.0;
				TARGETED_DEVICE_FAMILY = "1,2";
			};
			name = Release;
		};
		CF39F7F2261468A800E7DAC6 /* Debug */ = {
			isa = XCBuildConfiguration;
			buildSettings = {
				ALWAYS_EMBED_SWIFT_STANDARD_LIBRARIES = YES;
				BUNDLE_LOADER = "$(TEST_HOST)";
				CODE_SIGN_STYLE = Automatic;
				DEVELOPMENT_TEAM = B978H28CJL;
				INFOPLIST_FILE = ConstraintsTests/Info.plist;
				IPHONEOS_DEPLOYMENT_TARGET = 14.4;
				LD_RUNPATH_SEARCH_PATHS = (
					"$(inherited)",
					"@executable_path/Frameworks",
					"@loader_path/Frameworks",
				);
				PRODUCT_BUNDLE_IDENTIFIER = Macappstudio.ConstraintsTests;
				PRODUCT_NAME = "$(TARGET_NAME)";
				SWIFT_VERSION = 5.0;
				TARGETED_DEVICE_FAMILY = "1,2";
				TEST_HOST = "$(BUILT_PRODUCTS_DIR)/Constraints.app/Constraints";
			};
			name = Debug;
		};
		CF39F7F3261468A800E7DAC6 /* Release */ = {
			isa = XCBuildConfiguration;
			buildSettings = {
				ALWAYS_EMBED_SWIFT_STANDARD_LIBRARIES = YES;
				BUNDLE_LOADER = "$(TEST_HOST)";
				CODE_SIGN_STYLE = Automatic;
				DEVELOPMENT_TEAM = B978H28CJL;
				INFOPLIST_FILE = ConstraintsTests/Info.plist;
				IPHONEOS_DEPLOYMENT_TARGET = 14.4;
				LD_RUNPATH_SEARCH_PATHS = (
					"$(inherited)",
					"@executable_path/Frameworks",
					"@loader_path/Frameworks",
				);
				PRODUCT_BUNDLE_IDENTIFIER = Macappstudio.ConstraintsTests;
				PRODUCT_NAME = "$(TARGET_NAME)";
				SWIFT_VERSION = 5.0;
				TARGETED_DEVICE_FAMILY = "1,2";
				TEST_HOST = "$(BUILT_PRODUCTS_DIR)/Constraints.app/Constraints";
			};
			name = Release;
		};
		CF39F7F5261468A800E7DAC6 /* Debug */ = {
			isa = XCBuildConfiguration;
			buildSettings = {
				ALWAYS_EMBED_SWIFT_STANDARD_LIBRARIES = YES;
				CODE_SIGN_STYLE = Automatic;
				DEVELOPMENT_TEAM = B978H28CJL;
				INFOPLIST_FILE = ConstraintsUITests/Info.plist;
				LD_RUNPATH_SEARCH_PATHS = (
					"$(inherited)",
					"@executable_path/Frameworks",
					"@loader_path/Frameworks",
				);
				PRODUCT_BUNDLE_IDENTIFIER = Macappstudio.ConstraintsUITests;
				PRODUCT_NAME = "$(TARGET_NAME)";
				SWIFT_VERSION = 5.0;
				TARGETED_DEVICE_FAMILY = "1,2";
				TEST_TARGET_NAME = Constraints;
			};
			name = Debug;
		};
		CF39F7F6261468A800E7DAC6 /* Release */ = {
			isa = XCBuildConfiguration;
			buildSettings = {
				ALWAYS_EMBED_SWIFT_STANDARD_LIBRARIES = YES;
				CODE_SIGN_STYLE = Automatic;
				DEVELOPMENT_TEAM = B978H28CJL;
				INFOPLIST_FILE = ConstraintsUITests/Info.plist;
				LD_RUNPATH_SEARCH_PATHS = (
					"$(inherited)",
					"@executable_path/Frameworks",
					"@loader_path/Frameworks",
				);
				PRODUCT_BUNDLE_IDENTIFIER = Macappstudio.ConstraintsUITests;
				PRODUCT_NAME = "$(TARGET_NAME)";
				SWIFT_VERSION = 5.0;
				TARGETED_DEVICE_FAMILY = "1,2";
				TEST_TARGET_NAME = Constraints;
			};
			name = Release;
		};
/* End XCBuildConfiguration section */

/* Begin XCConfigurationList section */
		CF39F7BF261468A200E7DAC6 /* Build configuration list for PBXProject "Constraints" */ = {
			isa = XCConfigurationList;
			buildConfigurations = (
				CF39F7EC261468A800E7DAC6 /* Debug */,
				CF39F7ED261468A800E7DAC6 /* Release */,
			);
			defaultConfigurationIsVisible = 0;
			defaultConfigurationName = Release;
		};
		CF39F7EE261468A800E7DAC6 /* Build configuration list for PBXNativeTarget "Constraints" */ = {
			isa = XCConfigurationList;
			buildConfigurations = (
				CF39F7EF261468A800E7DAC6 /* Debug */,
				CF39F7F0261468A800E7DAC6 /* Release */,
			);
			defaultConfigurationIsVisible = 0;
			defaultConfigurationName = Release;
		};
		CF39F7F1261468A800E7DAC6 /* Build configuration list for PBXNativeTarget "ConstraintsTests" */ = {
			isa = XCConfigurationList;
			buildConfigurations = (
				CF39F7F2261468A800E7DAC6 /* Debug */,
				CF39F7F3261468A800E7DAC6 /* Release */,
			);
			defaultConfigurationIsVisible = 0;
			defaultConfigurationName = Release;
		};
		CF39F7F4261468A800E7DAC6 /* Build configuration list for PBXNativeTarget "ConstraintsUITests" */ = {
			isa = XCConfigurationList;
			buildConfigurations = (
				CF39F7F5261468A800E7DAC6 /* Debug */,
				CF39F7F6261468A800E7DAC6 /* Release */,
			);
			defaultConfigurationIsVisible = 0;
			defaultConfigurationName = Release;
		};
/* End XCConfigurationList section */
	};
	rootObject = CF39F7BC261468A200E7DAC6 /* Project object */;
}
